// !$*UTF8*$!
{
	archiveVersion = 1;
	classes = {
	};
	objectVersion = 46;
	objects = {

/* Begin PBXBuildFile section */
		56DFEC0BCA88BB44A1DF47FA /* libPods-ios-testTests.a in Frameworks */ = {isa = PBXBuildFile; fileRef = 36DE6CC0A58AD6A20F1F8DA9 /* libPods-ios-testTests.a */; };
		6265A166D69CCC1E39FE2AD7 /* libPods-ios-test.a in Frameworks */ = {isa = PBXBuildFile; fileRef = 0E5D0585757C753B1750D1ED /* libPods-ios-test.a */; };
		7279BABCB04B7EDF1D737E54 /* libPods-ios-testUITests.a in Frameworks */ = {isa = PBXBuildFile; fileRef = AAA30B4024FD13FAD408368F /* libPods-ios-testUITests.a */; };
		D1A7F4611C4DBF8F009511FE /* main.m in Sources */ = {isa = PBXBuildFile; fileRef = D1A7F4601C4DBF8F009511FE /* main.m */; };
		D1A7F4641C4DBF8F009511FE /* AppDelegate.m in Sources */ = {isa = PBXBuildFile; fileRef = D1A7F4631C4DBF8F009511FE /* AppDelegate.m */; };
		D1A7F4671C4DBF8F009511FE /* ViewController.m in Sources */ = {isa = PBXBuildFile; fileRef = D1A7F4661C4DBF8F009511FE /* ViewController.m */; };
		D1A7F46A1C4DBF8F009511FE /* Main.storyboard in Resources */ = {isa = PBXBuildFile; fileRef = D1A7F4681C4DBF8F009511FE /* Main.storyboard */; };
		D1A7F46D1C4DBF8F009511FE /* ios_test.xcdatamodeld in Sources */ = {isa = PBXBuildFile; fileRef = D1A7F46B1C4DBF8F009511FE /* ios_test.xcdatamodeld */; };
		D1A7F46F1C4DBF8F009511FE /* Assets.xcassets in Resources */ = {isa = PBXBuildFile; fileRef = D1A7F46E1C4DBF8F009511FE /* Assets.xcassets */; };
		D1A7F4721C4DBF8F009511FE /* LaunchScreen.storyboard in Resources */ = {isa = PBXBuildFile; fileRef = D1A7F4701C4DBF8F009511FE /* LaunchScreen.storyboard */; };
		D1A7F47D1C4DBF8F009511FE /* ios_testTests.m in Sources */ = {isa = PBXBuildFile; fileRef = D1A7F47C1C4DBF8F009511FE /* ios_testTests.m */; };
		D1A7F4881C4DBF8F009511FE /* ios_testUITests.m in Sources */ = {isa = PBXBuildFile; fileRef = D1A7F4871C4DBF8F009511FE /* ios_testUITests.m */; };
/* End PBXBuildFile section */

/* Begin PBXContainerItemProxy section */
		D1A7F4791C4DBF8F009511FE /* PBXContainerItemProxy */ = {
			isa = PBXContainerItemProxy;
			containerPortal = D1A7F4541C4DBF8F009511FE /* Project object */;
			proxyType = 1;
			remoteGlobalIDString = D1A7F45B1C4DBF8F009511FE;
			remoteInfo = "ios-test";
		};
		D1A7F4841C4DBF8F009511FE /* PBXContainerItemProxy */ = {
			isa = PBXContainerItemProxy;
			containerPortal = D1A7F4541C4DBF8F009511FE /* Project object */;
			proxyType = 1;
			remoteGlobalIDString = D1A7F45B1C4DBF8F009511FE;
			remoteInfo = "ios-test";
		};
/* End PBXContainerItemProxy section */

/* Begin PBXFileReference section */
		0E5D0585757C753B1750D1ED /* libPods-ios-test.a */ = {isa = PBXFileReference; explicitFileType = archive.ar; includeInIndex = 0; path = "libPods-ios-test.a"; sourceTree = BUILT_PRODUCTS_DIR; };
		1432977D10E55FF0D06E495B /* Pods-ios-test.release.xcconfig */ = {isa = PBXFileReference; includeInIndex = 1; lastKnownFileType = text.xcconfig; name = "Pods-ios-test.release.xcconfig"; path = "Pods/Target Support Files/Pods-ios-test/Pods-ios-test.release.xcconfig"; sourceTree = "<group>"; };
		161B4D8AF6135A2A7E1B8604 /* Pods-ios-testTests.release.xcconfig */ = {isa = PBXFileReference; includeInIndex = 1; lastKnownFileType = text.xcconfig; name = "Pods-ios-testTests.release.xcconfig"; path = "Pods/Target Support Files/Pods-ios-testTests/Pods-ios-testTests.release.xcconfig"; sourceTree = "<group>"; };
		1D49CF78591ABC62E714240C /* Pods-ios-test.debug.xcconfig */ = {isa = PBXFileReference; includeInIndex = 1; lastKnownFileType = text.xcconfig; name = "Pods-ios-test.debug.xcconfig"; path = "Pods/Target Support Files/Pods-ios-test/Pods-ios-test.debug.xcconfig"; sourceTree = "<group>"; };
		2CA8B1333BEBE9453225D08C /* Pods-ios-testTests.debug.xcconfig */ = {isa = PBXFileReference; includeInIndex = 1; lastKnownFileType = text.xcconfig; name = "Pods-ios-testTests.debug.xcconfig"; path = "Pods/Target Support Files/Pods-ios-testTests/Pods-ios-testTests.debug.xcconfig"; sourceTree = "<group>"; };
		36DE6CC0A58AD6A20F1F8DA9 /* libPods-ios-testTests.a */ = {isa = PBXFileReference; explicitFileType = archive.ar; includeInIndex = 0; path = "libPods-ios-testTests.a"; sourceTree = BUILT_PRODUCTS_DIR; };
		84CCB87CCE7A7A18E79CFB23 /* Pods-ios-testUITests.debug.xcconfig */ = {isa = PBXFileReference; includeInIndex = 1; lastKnownFileType = text.xcconfig; name = "Pods-ios-testUITests.debug.xcconfig"; path = "Pods/Target Support Files/Pods-ios-testUITests/Pods-ios-testUITests.debug.xcconfig"; sourceTree = "<group>"; };
		AAA30B4024FD13FAD408368F /* libPods-ios-testUITests.a */ = {isa = PBXFileReference; explicitFileType = archive.ar; includeInIndex = 0; path = "libPods-ios-testUITests.a"; sourceTree = BUILT_PRODUCTS_DIR; };
		B18CBA8A557AC7FEDBB88E26 /* Pods-ios-testUITests.release.xcconfig */ = {isa = PBXFileReference; includeInIndex = 1; lastKnownFileType = text.xcconfig; name = "Pods-ios-testUITests.release.xcconfig"; path = "Pods/Target Support Files/Pods-ios-testUITests/Pods-ios-testUITests.release.xcconfig"; sourceTree = "<group>"; };
		D1A7F45C1C4DBF8F009511FE /* ios-test.app */ = {isa = PBXFileReference; explicitFileType = wrapper.application; includeInIndex = 0; path = "ios-test.app"; sourceTree = BUILT_PRODUCTS_DIR; };
		D1A7F4601C4DBF8F009511FE /* main.m */ = {isa = PBXFileReference; lastKnownFileType = sourcecode.c.objc; path = main.m; sourceTree = "<group>"; };
		D1A7F4621C4DBF8F009511FE /* AppDelegate.h */ = {isa = PBXFileReference; lastKnownFileType = sourcecode.c.h; path = AppDelegate.h; sourceTree = "<group>"; };
		D1A7F4631C4DBF8F009511FE /* AppDelegate.m */ = {isa = PBXFileReference; lastKnownFileType = sourcecode.c.objc; path = AppDelegate.m; sourceTree = "<group>"; };
		D1A7F4651C4DBF8F009511FE /* ViewController.h */ = {isa = PBXFileReference; lastKnownFileType = sourcecode.c.h; path = ViewController.h; sourceTree = "<group>"; };
		D1A7F4661C4DBF8F009511FE /* ViewController.m */ = {isa = PBXFileReference; lastKnownFileType = sourcecode.c.objc; path = ViewController.m; sourceTree = "<group>"; };
		D1A7F4691C4DBF8F009511FE /* Base */ = {isa = PBXFileReference; lastKnownFileType = file.storyboard; name = Base; path = Base.lproj/Main.storyboard; sourceTree = "<group>"; };
		D1A7F46C1C4DBF8F009511FE /* ios_test.xcdatamodel */ = {isa = PBXFileReference; lastKnownFileType = wrapper.xcdatamodel; path = ios_test.xcdatamodel; sourceTree = "<group>"; };
		D1A7F46E1C4DBF8F009511FE /* Assets.xcassets */ = {isa = PBXFileReference; lastKnownFileType = folder.assetcatalog; path = Assets.xcassets; sourceTree = "<group>"; };
		D1A7F4711C4DBF8F009511FE /* Base */ = {isa = PBXFileReference; lastKnownFileType = file.storyboard; name = Base; path = Base.lproj/LaunchScreen.storyboard; sourceTree = "<group>"; };
		D1A7F4731C4DBF8F009511FE /* Info.plist */ = {isa = PBXFileReference; lastKnownFileType = text.plist.xml; path = Info.plist; sourceTree = "<group>"; };
		D1A7F4781C4DBF8F009511FE /* ios-testTests.xctest */ = {isa = PBXFileReference; explicitFileType = wrapper.cfbundle; includeInIndex = 0; path = "ios-testTests.xctest"; sourceTree = BUILT_PRODUCTS_DIR; };
		D1A7F47C1C4DBF8F009511FE /* ios_testTests.m */ = {isa = PBXFileReference; lastKnownFileType = sourcecode.c.objc; path = ios_testTests.m; sourceTree = "<group>"; };
		D1A7F47E1C4DBF8F009511FE /* Info.plist */ = {isa = PBXFileReference; lastKnownFileType = text.plist.xml; path = Info.plist; sourceTree = "<group>"; };
		D1A7F4831C4DBF8F009511FE /* ios-testUITests.xctest */ = {isa = PBXFileReference; explicitFileType = wrapper.cfbundle; includeInIndex = 0; path = "ios-testUITests.xctest"; sourceTree = BUILT_PRODUCTS_DIR; };
		D1A7F4871C4DBF8F009511FE /* ios_testUITests.m */ = {isa = PBXFileReference; lastKnownFileType = sourcecode.c.objc; path = ios_testUITests.m; sourceTree = "<group>"; };
		D1A7F4891C4DBF8F009511FE /* Info.plist */ = {isa = PBXFileReference; lastKnownFileType = text.plist.xml; path = Info.plist; sourceTree = "<group>"; };
/* End PBXFileReference section */

/* Begin PBXFrameworksBuildPhase section */
		D1A7F4591C4DBF8F009511FE /* Frameworks */ = {
			isa = PBXFrameworksBuildPhase;
			buildActionMask = 2147483647;
			files = (
				6265A166D69CCC1E39FE2AD7 /* libPods-ios-test.a in Frameworks */,
			);
			runOnlyForDeploymentPostprocessing = 0;
		};
		D1A7F4751C4DBF8F009511FE /* Frameworks */ = {
			isa = PBXFrameworksBuildPhase;
			buildActionMask = 2147483647;
			files = (
				56DFEC0BCA88BB44A1DF47FA /* libPods-ios-testTests.a in Frameworks */,
			);
			runOnlyForDeploymentPostprocessing = 0;
		};
		D1A7F4801C4DBF8F009511FE /* Frameworks */ = {
			isa = PBXFrameworksBuildPhase;
			buildActionMask = 2147483647;
			files = (
				7279BABCB04B7EDF1D737E54 /* libPods-ios-testUITests.a in Frameworks */,
			);
			runOnlyForDeploymentPostprocessing = 0;
		};
/* End PBXFrameworksBuildPhase section */

/* Begin PBXGroup section */
		5A572A8A7DAA0131D35168D4 /* Frameworks */ = {
			isa = PBXGroup;
			children = (
				0E5D0585757C753B1750D1ED /* libPods-ios-test.a */,
				36DE6CC0A58AD6A20F1F8DA9 /* libPods-ios-testTests.a */,
				AAA30B4024FD13FAD408368F /* libPods-ios-testUITests.a */,
			);
			name = Frameworks;
			sourceTree = "<group>";
		};
		D1A7F4531C4DBF8F009511FE = {
			isa = PBXGroup;
			children = (
				D1A7F45E1C4DBF8F009511FE /* ios-test */,
				D1A7F47B1C4DBF8F009511FE /* ios-testTests */,
				D1A7F4861C4DBF8F009511FE /* ios-testUITests */,
				D1A7F45D1C4DBF8F009511FE /* Products */,
				D9BC32272B7B1CD31ED247A2 /* Pods */,
				5A572A8A7DAA0131D35168D4 /* Frameworks */,
			);
			sourceTree = "<group>";
		};
		D1A7F45D1C4DBF8F009511FE /* Products */ = {
			isa = PBXGroup;
			children = (
				D1A7F45C1C4DBF8F009511FE /* ios-test.app */,
				D1A7F4781C4DBF8F009511FE /* ios-testTests.xctest */,
				D1A7F4831C4DBF8F009511FE /* ios-testUITests.xctest */,
			);
			name = Products;
			sourceTree = "<group>";
		};
		D1A7F45E1C4DBF8F009511FE /* ios-test */ = {
			isa = PBXGroup;
			children = (
				D1A7F4621C4DBF8F009511FE /* AppDelegate.h */,
				D1A7F4631C4DBF8F009511FE /* AppDelegate.m */,
				D1A7F4651C4DBF8F009511FE /* ViewController.h */,
				D1A7F4661C4DBF8F009511FE /* ViewController.m */,
				D1A7F4681C4DBF8F009511FE /* Main.storyboard */,
				D1A7F46E1C4DBF8F009511FE /* Assets.xcassets */,
				D1A7F4701C4DBF8F009511FE /* LaunchScreen.storyboard */,
				D1A7F4731C4DBF8F009511FE /* Info.plist */,
				D1A7F46B1C4DBF8F009511FE /* ios_test.xcdatamodeld */,
				D1A7F45F1C4DBF8F009511FE /* Supporting Files */,
			);
			path = "ios-test";
			sourceTree = "<group>";
		};
		D1A7F45F1C4DBF8F009511FE /* Supporting Files */ = {
			isa = PBXGroup;
			children = (
				D1A7F4601C4DBF8F009511FE /* main.m */,
			);
			name = "Supporting Files";
			sourceTree = "<group>";
		};
		D1A7F47B1C4DBF8F009511FE /* ios-testTests */ = {
			isa = PBXGroup;
			children = (
				D1A7F47C1C4DBF8F009511FE /* ios_testTests.m */,
				D1A7F47E1C4DBF8F009511FE /* Info.plist */,
			);
			path = "ios-testTests";
			sourceTree = "<group>";
		};
		D1A7F4861C4DBF8F009511FE /* ios-testUITests */ = {
			isa = PBXGroup;
			children = (
				D1A7F4871C4DBF8F009511FE /* ios_testUITests.m */,
				D1A7F4891C4DBF8F009511FE /* Info.plist */,
			);
			path = "ios-testUITests";
			sourceTree = "<group>";
		};
		D9BC32272B7B1CD31ED247A2 /* Pods */ = {
			isa = PBXGroup;
			children = (
				1D49CF78591ABC62E714240C /* Pods-ios-test.debug.xcconfig */,
				1432977D10E55FF0D06E495B /* Pods-ios-test.release.xcconfig */,
				2CA8B1333BEBE9453225D08C /* Pods-ios-testTests.debug.xcconfig */,
				161B4D8AF6135A2A7E1B8604 /* Pods-ios-testTests.release.xcconfig */,
				84CCB87CCE7A7A18E79CFB23 /* Pods-ios-testUITests.debug.xcconfig */,
				B18CBA8A557AC7FEDBB88E26 /* Pods-ios-testUITests.release.xcconfig */,
			);
			name = Pods;
			sourceTree = "<group>";
		};
/* End PBXGroup section */

/* Begin PBXNativeTarget section */
		D1A7F45B1C4DBF8F009511FE /* ios-test */ = {
			isa = PBXNativeTarget;
			buildConfigurationList = D1A7F48C1C4DBF8F009511FE /* Build configuration list for PBXNativeTarget "ios-test" */;
			buildPhases = (
				15E1A29303D6429906C9D9C4 /* 📦 Check Pods Manifest.lock */,
				D1A7F4581C4DBF8F009511FE /* Sources */,
				D1A7F4591C4DBF8F009511FE /* Frameworks */,
				D1A7F45A1C4DBF8F009511FE /* Resources */,
				140BC14E3D4B94F480B4483A /* 📦 Embed Pods Frameworks */,
				91411B59EDB6EFCD6D07CAFF /* 📦 Copy Pods Resources */,
			);
			buildRules = (
			);
			dependencies = (
			);
			name = "ios-test";
			productName = "ios-test";
			productReference = D1A7F45C1C4DBF8F009511FE /* ios-test.app */;
			productType = "com.apple.product-type.application";
		};
		D1A7F4771C4DBF8F009511FE /* ios-testTests */ = {
			isa = PBXNativeTarget;
			buildConfigurationList = D1A7F48F1C4DBF8F009511FE /* Build configuration list for PBXNativeTarget "ios-testTests" */;
			buildPhases = (
				8D3C67A9765EFC6ADA5BC65E /* 📦 Check Pods Manifest.lock */,
				D1A7F4741C4DBF8F009511FE /* Sources */,
				D1A7F4751C4DBF8F009511FE /* Frameworks */,
				D1A7F4761C4DBF8F009511FE /* Resources */,
				3CBC4597B8F8263DCE4D031D /* 📦 Embed Pods Frameworks */,
				A937859E1217CB951EBF20E9 /* 📦 Copy Pods Resources */,
			);
			buildRules = (
			);
			dependencies = (
				D1A7F47A1C4DBF8F009511FE /* PBXTargetDependency */,
			);
			name = "ios-testTests";
			productName = "ios-testTests";
			productReference = D1A7F4781C4DBF8F009511FE /* ios-testTests.xctest */;
			productType = "com.apple.product-type.bundle.unit-test";
		};
		D1A7F4821C4DBF8F009511FE /* ios-testUITests */ = {
			isa = PBXNativeTarget;
			buildConfigurationList = D1A7F4921C4DBF8F009511FE /* Build configuration list for PBXNativeTarget "ios-testUITests" */;
			buildPhases = (
				05532BA924F0B05B16F40B1E /* 📦 Check Pods Manifest.lock */,
				D1A7F47F1C4DBF8F009511FE /* Sources */,
				D1A7F4801C4DBF8F009511FE /* Frameworks */,
				D1A7F4811C4DBF8F009511FE /* Resources */,
				00AF8C527E6294986C442129 /* 📦 Copy Pods Resources */,
			);
			buildRules = (
			);
			dependencies = (
				D1A7F4851C4DBF8F009511FE /* PBXTargetDependency */,
			);
			name = "ios-testUITests";
			productName = "ios-testUITests";
			productReference = D1A7F4831C4DBF8F009511FE /* ios-testUITests.xctest */;
			productType = "com.apple.product-type.bundle.ui-testing";
		};
/* End PBXNativeTarget section */

/* Begin PBXProject section */
		D1A7F4541C4DBF8F009511FE /* Project object */ = {
			isa = PBXProject;
			attributes = {
				LastUpgradeCheck = 0720;
				ORGANIZATIONNAME = ServiceSeeking;
				TargetAttributes = {
					D1A7F45B1C4DBF8F009511FE = {
						CreatedOnToolsVersion = 7.2;
					};
					D1A7F4771C4DBF8F009511FE = {
						CreatedOnToolsVersion = 7.2;
						TestTargetID = D1A7F45B1C4DBF8F009511FE;
					};
					D1A7F4821C4DBF8F009511FE = {
						CreatedOnToolsVersion = 7.2;
						TestTargetID = D1A7F45B1C4DBF8F009511FE;
					};
				};
			};
			buildConfigurationList = D1A7F4571C4DBF8F009511FE /* Build configuration list for PBXProject "ios-test" */;
			compatibilityVersion = "Xcode 3.2";
			developmentRegion = English;
			hasScannedForEncodings = 0;
			knownRegions = (
				en,
				Base,
			);
			mainGroup = D1A7F4531C4DBF8F009511FE;
			productRefGroup = D1A7F45D1C4DBF8F009511FE /* Products */;
			projectDirPath = "";
			projectRoot = "";
			targets = (
				D1A7F45B1C4DBF8F009511FE /* ios-test */,
				D1A7F4771C4DBF8F009511FE /* ios-testTests */,
				D1A7F4821C4DBF8F009511FE /* ios-testUITests */,
			);
		};
/* End PBXProject section */

/* Begin PBXResourcesBuildPhase section */
		D1A7F45A1C4DBF8F009511FE /* Resources */ = {
			isa = PBXResourcesBuildPhase;
			buildActionMask = 2147483647;
			files = (
				D1A7F4721C4DBF8F009511FE /* LaunchScreen.storyboard in Resources */,
				D1A7F46F1C4DBF8F009511FE /* Assets.xcassets in Resources */,
				D1A7F46A1C4DBF8F009511FE /* Main.storyboard in Resources */,
			);
			runOnlyForDeploymentPostprocessing = 0;
		};
		D1A7F4761C4DBF8F009511FE /* Resources */ = {
			isa = PBXResourcesBuildPhase;
			buildActionMask = 2147483647;
			files = (
			);
			runOnlyForDeploymentPostprocessing = 0;
		};
		D1A7F4811C4DBF8F009511FE /* Resources */ = {
			isa = PBXResourcesBuildPhase;
			buildActionMask = 2147483647;
			files = (
			);
			runOnlyForDeploymentPostprocessing = 0;
		};
/* End PBXResourcesBuildPhase section */

/* Begin PBXShellScriptBuildPhase section */
		00AF8C527E6294986C442129 /* 📦 Copy Pods Resources */ = {
			isa = PBXShellScriptBuildPhase;
			buildActionMask = 2147483647;
			files = (
			);
			inputPaths = (
			);
			name = "📦 Copy Pods Resources";
			outputPaths = (
			);
			runOnlyForDeploymentPostprocessing = 0;
			shellPath = /bin/sh;
			shellScript = "\"${SRCROOT}/Pods/Target Support Files/Pods-ios-testUITests/Pods-ios-testUITests-resources.sh\"\n";
			showEnvVarsInLog = 0;
		};
		05532BA924F0B05B16F40B1E /* 📦 Check Pods Manifest.lock */ = {
			isa = PBXShellScriptBuildPhase;
			buildActionMask = 2147483647;
			files = (
			);
			inputPaths = (
			);
			name = "📦 Check Pods Manifest.lock";
			outputPaths = (
			);
			runOnlyForDeploymentPostprocessing = 0;
			shellPath = /bin/sh;
			shellScript = "diff \"${PODS_ROOT}/../Podfile.lock\" \"${PODS_ROOT}/Manifest.lock\" > /dev/null\nif [[ $? != 0 ]] ; then\n    cat << EOM\nerror: The sandbox is not in sync with the Podfile.lock. Run 'pod install' or update your CocoaPods installation.\nEOM\n    exit 1\nfi\n";
			showEnvVarsInLog = 0;
		};
		140BC14E3D4B94F480B4483A /* 📦 Embed Pods Frameworks */ = {
			isa = PBXShellScriptBuildPhase;
			buildActionMask = 2147483647;
			files = (
			);
			inputPaths = (
			);
			name = "📦 Embed Pods Frameworks";
			outputPaths = (
			);
			runOnlyForDeploymentPostprocessing = 0;
			shellPath = /bin/sh;
			shellScript = "\"${SRCROOT}/Pods/Target Support Files/Pods-ios-test/Pods-ios-test-frameworks.sh\"\n";
			showEnvVarsInLog = 0;
		};
		15E1A29303D6429906C9D9C4 /* 📦 Check Pods Manifest.lock */ = {
			isa = PBXShellScriptBuildPhase;
			buildActionMask = 2147483647;
			files = (
			);
			inputPaths = (
			);
			name = "📦 Check Pods Manifest.lock";
			outputPaths = (
			);
			runOnlyForDeploymentPostprocessing = 0;
			shellPath = /bin/sh;
			shellScript = "diff \"${PODS_ROOT}/../Podfile.lock\" \"${PODS_ROOT}/Manifest.lock\" > /dev/null\nif [[ $? != 0 ]] ; then\n    cat << EOM\nerror: The sandbox is not in sync with the Podfile.lock. Run 'pod install' or update your CocoaPods installation.\nEOM\n    exit 1\nfi\n";
			showEnvVarsInLog = 0;
		};
		3CBC4597B8F8263DCE4D031D /* 📦 Embed Pods Frameworks */ = {
			isa = PBXShellScriptBuildPhase;
			buildActionMask = 2147483647;
			files = (
			);
			inputPaths = (
			);
			name = "📦 Embed Pods Frameworks";
			outputPaths = (
			);
			runOnlyForDeploymentPostprocessing = 0;
			shellPath = /bin/sh;
			shellScript = "\"${SRCROOT}/Pods/Target Support Files/Pods-ios-testTests/Pods-ios-testTests-frameworks.sh\"\n";
			showEnvVarsInLog = 0;
		};
		8D3C67A9765EFC6ADA5BC65E /* 📦 Check Pods Manifest.lock */ = {
			isa = PBXShellScriptBuildPhase;
			buildActionMask = 2147483647;
			files = (
			);
			inputPaths = (
			);
			name = "📦 Check Pods Manifest.lock";
			outputPaths = (
			);
			runOnlyForDeploymentPostprocessing = 0;
			shellPath = /bin/sh;
			shellScript = "diff \"${PODS_ROOT}/../Podfile.lock\" \"${PODS_ROOT}/Manifest.lock\" > /dev/null\nif [[ $? != 0 ]] ; then\n    cat << EOM\nerror: The sandbox is not in sync with the Podfile.lock. Run 'pod install' or update your CocoaPods installation.\nEOM\n    exit 1\nfi\n";
			showEnvVarsInLog = 0;
		};
		91411B59EDB6EFCD6D07CAFF /* 📦 Copy Pods Resources */ = {
			isa = PBXShellScriptBuildPhase;
			buildActionMask = 2147483647;
			files = (
			);
			inputPaths = (
			);
			name = "📦 Copy Pods Resources";
			outputPaths = (
			);
			runOnlyForDeploymentPostprocessing = 0;
			shellPath = /bin/sh;
			shellScript = "\"${SRCROOT}/Pods/Target Support Files/Pods-ios-test/Pods-ios-test-resources.sh\"\n";
			showEnvVarsInLog = 0;
		};
		A937859E1217CB951EBF20E9 /* 📦 Copy Pods Resources */ = {
			isa = PBXShellScriptBuildPhase;
			buildActionMask = 2147483647;
			files = (
			);
			inputPaths = (
			);
			name = "📦 Copy Pods Resources";
			outputPaths = (
			);
			runOnlyForDeploymentPostprocessing = 0;
			shellPath = /bin/sh;
			shellScript = "\"${SRCROOT}/Pods/Target Support Files/Pods-ios-testTests/Pods-ios-testTests-resources.sh\"\n";
			showEnvVarsInLog = 0;
		};
/* End PBXShellScriptBuildPhase section */

/* Begin PBXSourcesBuildPhase section */
		D1A7F4581C4DBF8F009511FE /* Sources */ = {
			isa = PBXSourcesBuildPhase;
			buildActionMask = 2147483647;
			files = (
				D1A7F4671C4DBF8F009511FE /* ViewController.m in Sources */,
				D1A7F4641C4DBF8F009511FE /* AppDelegate.m in Sources */,
				D1A7F4611C4DBF8F009511FE /* main.m in Sources */,
				D1A7F46D1C4DBF8F009511FE /* ios_test.xcdatamodeld in Sources */,
			);
			runOnlyForDeploymentPostprocessing = 0;
		};
		D1A7F4741C4DBF8F009511FE /* Sources */ = {
			isa = PBXSourcesBuildPhase;
			buildActionMask = 2147483647;
			files = (
				D1A7F47D1C4DBF8F009511FE /* ios_testTests.m in Sources */,
			);
			runOnlyForDeploymentPostprocessing = 0;
		};
		D1A7F47F1C4DBF8F009511FE /* Sources */ = {
			isa = PBXSourcesBuildPhase;
			buildActionMask = 2147483647;
			files = (
				D1A7F4881C4DBF8F009511FE /* ios_testUITests.m in Sources */,
			);
			runOnlyForDeploymentPostprocessing = 0;
		};
/* End PBXSourcesBuildPhase section */

/* Begin PBXTargetDependency section */
		D1A7F47A1C4DBF8F009511FE /* PBXTargetDependency */ = {
			isa = PBXTargetDependency;
			target = D1A7F45B1C4DBF8F009511FE /* ios-test */;
			targetProxy = D1A7F4791C4DBF8F009511FE /* PBXContainerItemProxy */;
		};
		D1A7F4851C4DBF8F009511FE /* PBXTargetDependency */ = {
			isa = PBXTargetDependency;
			target = D1A7F45B1C4DBF8F009511FE /* ios-test */;
			targetProxy = D1A7F4841C4DBF8F009511FE /* PBXContainerItemProxy */;
		};
/* End PBXTargetDependency section */

/* Begin PBXVariantGroup section */
		D1A7F4681C4DBF8F009511FE /* Main.storyboard */ = {
			isa = PBXVariantGroup;
			children = (
				D1A7F4691C4DBF8F009511FE /* Base */,
			);
			name = Main.storyboard;
			sourceTree = "<group>";
		};
		D1A7F4701C4DBF8F009511FE /* LaunchScreen.storyboard */ = {
			isa = PBXVariantGroup;
			children = (
				D1A7F4711C4DBF8F009511FE /* Base */,
			);
			name = LaunchScreen.storyboard;
			sourceTree = "<group>";
		};
/* End PBXVariantGroup section */

/* Begin XCBuildConfiguration section */
		D1A7F48A1C4DBF8F009511FE /* Debug */ = {
			isa = XCBuildConfiguration;
			buildSettings = {
				ALWAYS_SEARCH_USER_PATHS = NO;
				CLANG_CXX_LANGUAGE_STANDARD = "gnu++0x";
				CLANG_CXX_LIBRARY = "libc++";
				CLANG_ENABLE_MODULES = YES;
				CLANG_ENABLE_OBJC_ARC = YES;
				CLANG_WARN_BOOL_CONVERSION = YES;
				CLANG_WARN_CONSTANT_CONVERSION = YES;
				CLANG_WARN_DIRECT_OBJC_ISA_USAGE = YES_ERROR;
				CLANG_WARN_EMPTY_BODY = YES;
				CLANG_WARN_ENUM_CONVERSION = YES;
				CLANG_WARN_INT_CONVERSION = YES;
				CLANG_WARN_OBJC_ROOT_CLASS = YES_ERROR;
				CLANG_WARN_UNREACHABLE_CODE = YES;
				CLANG_WARN__DUPLICATE_METHOD_MATCH = YES;
				"CODE_SIGN_IDENTITY[sdk=iphoneos*]" = "iPhone Developer";
				COPY_PHASE_STRIP = NO;
				DEBUG_INFORMATION_FORMAT = dwarf;
				ENABLE_STRICT_OBJC_MSGSEND = YES;
				ENABLE_TESTABILITY = YES;
				GCC_C_LANGUAGE_STANDARD = gnu99;
				GCC_DYNAMIC_NO_PIC = NO;
				GCC_NO_COMMON_BLOCKS = YES;
				GCC_OPTIMIZATION_LEVEL = 0;
				GCC_PREPROCESSOR_DEFINITIONS = (
					"DEBUG=1",
					"$(inherited)",
				);
				GCC_WARN_64_TO_32_BIT_CONVERSION = YES;
				GCC_WARN_ABOUT_RETURN_TYPE = YES_ERROR;
				GCC_WARN_UNDECLARED_SELECTOR = YES;
				GCC_WARN_UNINITIALIZED_AUTOS = YES_AGGRESSIVE;
				GCC_WARN_UNUSED_FUNCTION = YES;
				GCC_WARN_UNUSED_VARIABLE = YES;
				IPHONEOS_DEPLOYMENT_TARGET = 9.2;
				MTL_ENABLE_DEBUG_INFO = YES;
				ONLY_ACTIVE_ARCH = YES;
				SDKROOT = iphoneos;
				TARGETED_DEVICE_FAMILY = "1,2";
			};
			name = Debug;
		};
		D1A7F48B1C4DBF8F009511FE /* Release */ = {
			isa = XCBuildConfiguration;
			buildSettings = {
				ALWAYS_SEARCH_USER_PATHS = NO;
				CLANG_CXX_LANGUAGE_STANDARD = "gnu++0x";
				CLANG_CXX_LIBRARY = "libc++";
				CLANG_ENABLE_MODULES = YES;
				CLANG_ENABLE_OBJC_ARC = YES;
				CLANG_WARN_BOOL_CONVERSION = YES;
				CLANG_WARN_CONSTANT_CONVERSION = YES;
				CLANG_WARN_DIRECT_OBJC_ISA_USAGE = YES_ERROR;
				CLANG_WARN_EMPTY_BODY = YES;
				CLANG_WARN_ENUM_CONVERSION = YES;
				CLANG_WARN_INT_CONVERSION = YES;
				CLANG_WARN_OBJC_ROOT_CLASS = YES_ERROR;
				CLANG_WARN_UNREACHABLE_CODE = YES;
				CLANG_WARN__DUPLICATE_METHOD_MATCH = YES;
				"CODE_SIGN_IDENTITY[sdk=iphoneos*]" = "iPhone Developer";
				COPY_PHASE_STRIP = NO;
				DEBUG_INFORMATION_FORMAT = "dwarf-with-dsym";
				ENABLE_NS_ASSERTIONS = NO;
				ENABLE_STRICT_OBJC_MSGSEND = YES;
				GCC_C_LANGUAGE_STANDARD = gnu99;
				GCC_NO_COMMON_BLOCKS = YES;
				GCC_WARN_64_TO_32_BIT_CONVERSION = YES;
				GCC_WARN_ABOUT_RETURN_TYPE = YES_ERROR;
				GCC_WARN_UNDECLARED_SELECTOR = YES;
				GCC_WARN_UNINITIALIZED_AUTOS = YES_AGGRESSIVE;
				GCC_WARN_UNUSED_FUNCTION = YES;
				GCC_WARN_UNUSED_VARIABLE = YES;
				IPHONEOS_DEPLOYMENT_TARGET = 9.2;
				MTL_ENABLE_DEBUG_INFO = NO;
				SDKROOT = iphoneos;
				TARGETED_DEVICE_FAMILY = "1,2";
				VALIDATE_PRODUCT = YES;
			};
			name = Release;
		};
		D1A7F48D1C4DBF8F009511FE /* Debug */ = {
			isa = XCBuildConfiguration;
			baseConfigurationReference = 1D49CF78591ABC62E714240C /* Pods-ios-test.debug.xcconfig */;
			buildSettings = {
				ASSETCATALOG_COMPILER_APPICON_NAME = AppIcon;
				INFOPLIST_FILE = "ios-test/Info.plist";
				LD_RUNPATH_SEARCH_PATHS = "$(inherited) @executable_path/Frameworks";
				PRODUCT_BUNDLE_IDENTIFIER = "au.com.serviceseeking.ios-test";
				PRODUCT_NAME = "$(TARGET_NAME)";
			};
			name = Debug;
		};
		D1A7F48E1C4DBF8F009511FE /* Release */ = {
			isa = XCBuildConfiguration;
			baseConfigurationReference = 1432977D10E55FF0D06E495B /* Pods-ios-test.release.xcconfig */;
			buildSettings = {
				ASSETCATALOG_COMPILER_APPICON_NAME = AppIcon;
				INFOPLIST_FILE = "ios-test/Info.plist";
				LD_RUNPATH_SEARCH_PATHS = "$(inherited) @executable_path/Frameworks";
				PRODUCT_BUNDLE_IDENTIFIER = "au.com.serviceseeking.ios-test";
				PRODUCT_NAME = "$(TARGET_NAME)";
			};
			name = Release;
		};
		D1A7F4901C4DBF8F009511FE /* Debug */ = {
			isa = XCBuildConfiguration;
			baseConfigurationReference = 2CA8B1333BEBE9453225D08C /* Pods-ios-testTests.debug.xcconfig */;
			buildSettings = {
				BUNDLE_LOADER = "$(TEST_HOST)";
				INFOPLIST_FILE = "ios-testTests/Info.plist";
				LD_RUNPATH_SEARCH_PATHS = "$(inherited) @executable_path/Frameworks @loader_path/Frameworks";
				PRODUCT_BUNDLE_IDENTIFIER = "au.com.serviceseeking.ios-testTests";
				PRODUCT_NAME = "$(TARGET_NAME)";
				TEST_HOST = "$(BUILT_PRODUCTS_DIR)/ios-test.app/ios-test";
			};
			name = Debug;
		};
		D1A7F4911C4DBF8F009511FE /* Release */ = {
			isa = XCBuildConfiguration;
			baseConfigurationReference = 161B4D8AF6135A2A7E1B8604 /* Pods-ios-testTests.release.xcconfig */;
			buildSettings = {
				BUNDLE_LOADER = "$(TEST_HOST)";
				INFOPLIST_FILE = "ios-testTests/Info.plist";
				LD_RUNPATH_SEARCH_PATHS = "$(inherited) @executable_path/Frameworks @loader_path/Frameworks";
				PRODUCT_BUNDLE_IDENTIFIER = "au.com.serviceseeking.ios-testTests";
				PRODUCT_NAME = "$(TARGET_NAME)";
				TEST_HOST = "$(BUILT_PRODUCTS_DIR)/ios-test.app/ios-test";
			};
			name = Release;
		};
		D1A7F4931C4DBF8F009511FE /* Debug */ = {
			isa = XCBuildConfiguration;
			baseConfigurationReference = 84CCB87CCE7A7A18E79CFB23 /* Pods-ios-testUITests.debug.xcconfig */;
			buildSettings = {
				INFOPLIST_FILE = "ios-testUITests/Info.plist";
				LD_RUNPATH_SEARCH_PATHS = "$(inherited) @executable_path/Frameworks @loader_path/Frameworks";
				PRODUCT_BUNDLE_IDENTIFIER = "au.com.serviceseeking.ios-testUITests";
				PRODUCT_NAME = "$(TARGET_NAME)";
				TEST_TARGET_NAME = "ios-test";
				USES_XCTRUNNER = YES;
			};
			name = Debug;
		};
		D1A7F4941C4DBF8F009511FE /* Release */ = {
			isa = XCBuildConfiguration;
			baseConfigurationReference = B18CBA8A557AC7FEDBB88E26 /* Pods-ios-testUITests.release.xcconfig */;
			buildSettings = {
				INFOPLIST_FILE = "ios-testUITests/Info.plist";
				LD_RUNPATH_SEARCH_PATHS = "$(inherited) @executable_path/Frameworks @loader_path/Frameworks";
				PRODUCT_BUNDLE_IDENTIFIER = "au.com.serviceseeking.ios-testUITests";
				PRODUCT_NAME = "$(TARGET_NAME)";
				TEST_TARGET_NAME = "ios-test";
				USES_XCTRUNNER = YES;
			};
			name = Release;
		};
/* End XCBuildConfiguration section */

/* Begin XCConfigurationList section */
		D1A7F4571C4DBF8F009511FE /* Build configuration list for PBXProject "ios-test" */ = {
			isa = XCConfigurationList;
			buildConfigurations = (
				D1A7F48A1C4DBF8F009511FE /* Debug */,
				D1A7F48B1C4DBF8F009511FE /* Release */,
			);
			defaultConfigurationIsVisible = 0;
			defaultConfigurationName = Release;
		};
		D1A7F48C1C4DBF8F009511FE /* Build configuration list for PBXNativeTarget "ios-test" */ = {
			isa = XCConfigurationList;
			buildConfigurations = (
				D1A7F48D1C4DBF8F009511FE /* Debug */,
				D1A7F48E1C4DBF8F009511FE /* Release */,
			);
			defaultConfigurationIsVisible = 0;
			defaultConfigurationName = Release;
		};
		D1A7F48F1C4DBF8F009511FE /* Build configuration list for PBXNativeTarget "ios-testTests" */ = {
			isa = XCConfigurationList;
			buildConfigurations = (
				D1A7F4901C4DBF8F009511FE /* Debug */,
				D1A7F4911C4DBF8F009511FE /* Release */,
			);
			defaultConfigurationIsVisible = 0;
			defaultConfigurationName = Release;
		};
		D1A7F4921C4DBF8F009511FE /* Build configuration list for PBXNativeTarget "ios-testUITests" */ = {
			isa = XCConfigurationList;
			buildConfigurations = (
				D1A7F4931C4DBF8F009511FE /* Debug */,
				D1A7F4941C4DBF8F009511FE /* Release */,
			);
			defaultConfigurationIsVisible = 0;
			defaultConfigurationName = Release;
		};
/* End XCConfigurationList section */

/* Begin XCVersionGroup section */
		D1A7F46B1C4DBF8F009511FE /* ios_test.xcdatamodeld */ = {
			isa = XCVersionGroup;
			children = (
				D1A7F46C1C4DBF8F009511FE /* ios_test.xcdatamodel */,
			);
			currentVersion = D1A7F46C1C4DBF8F009511FE /* ios_test.xcdatamodel */;
			path = ios_test.xcdatamodeld;
			sourceTree = "<group>";
			versionGroupType = wrapper.xcdatamodel;
		};
/* End XCVersionGroup section */
	};
	rootObject = D1A7F4541C4DBF8F009511FE /* Project object */;
}
